Microsoft Visual Studio Solution File, Format Version 12.00
# Visual Studio Version 17
VisualStudioVersion = 17.5.2.0
MinimumVisualStudioVersion = 10.0.40219.1
Project("{FAE04EC0-301F-11D3-BF4B-00C04F79EFBC}") = "AnnuaireEntreprise", "AnnuaireEntreprise.csproj", "{65BE4298-BE7A-8F67-64B1-AA4B443848A3}"
EndProject
Global
	GlobalSection(SolutionConfigurationPlatforms) = preSolution
		Debug|Any CPU = Debug|Any CPU
		Release|Any CPU = Release|Any CPU
	EndGlobalSection
	GlobalSection(ProjectConfigurationPlatforms) = postSolution
		{65BE4298-BE7A-8F67-64B1-AA4B443848A3}.Debug|Any CPU.ActiveCfg = Debug|Any CPU
		{65BE4298-BE7A-8F67-64B1-AA4B443848A3}.Debug|Any CPU.Build.0 = Debug|Any CPU
		{65BE4298-BE7A-8F67-64B1-AA4B443848A3}.Release|Any CPU.ActiveCfg = Release|Any CPU
		{65BE4298-BE7A-8F67-64B1-AA4B443848A3}.Release|Any CPU.Build.0 = Release|Any CPU
	EndGlobalSection
	GlobalSection(SolutionProperties) = preSolution
		HideSolutionNode = FALSE
	EndGlobalSection
	GlobalSection(ExtensibilityGlobals) = postSolution
		SolutionGuid = {FCE3A553-B32E-4221-ABF0-DB9818C3FC51}
	EndGlobalSection
EndGlobal
